{
  "lockfile_version": "1",
  "packages": {
    "duckdb@latest": {
      "last_modified": "2024-11-30T03:39:21Z",
      "resolved": "github:NixOS/nixpkgs/4703b8d2c708e13a8cab03d865f90973536dcdf5#duckdb",
      "source": "devbox-search",
      "version": "1.1.3",
      "systems": {
        "aarch64-darwin": {
          "outputs": [
            {
              "name": "out",
              "path": "/nix/store/431hirjq4j9cd2rlgwikiv73sgggdlpk-duckdb-1.1.3",
              "default": true
            },
            {
              "name": "dev",
              "path": "/nix/store/gqwv0a89sk57k7xkd4cv23d5jzim9ml0-duckdb-1.1.3-dev"
            },
            {
              "name": "lib",
              "path": "/nix/store/4flnfn0vgx96y5r9igkwkzs28crrm3zf-duckdb-1.1.3-lib"
            }
          ],
          "store_path": "/nix/store/431hirjq4j9cd2rlgwikiv73sgggdlpk-duckdb-1.1.3"
        },
        "aarch64-linux": {
          "outputs": [
            {
              "name": "out",
              "path": "/nix/store/7bb3f172g2jg1bs8n9mdqx05mraaqp52-duckdb-1.1.3",
              "default": true
            },
            {
              "name": "lib",
              "path": "/nix/store/p23xgmhvm2v1cq0mjmq34qp46ljb012q-duckdb-1.1.3-lib"
            },
            {
              "name": "dev",
              "path": "/nix/store/hcb7y6b375fd3ai3gc2vc1i33ca20gqk-duckdb-1.1.3-dev"
            }
          ],
          "store_path": "/nix/store/7bb3f172g2jg1bs8n9mdqx05mraaqp52-duckdb-1.1.3"
        },
        "x86_64-darwin": {
          "outputs": [
            {
              "name": "out",
              "path": "/nix/store/bb5y1lcga4js7px482akjnaxbzmvqwmb-duckdb-1.1.3",
              "default": true
            },
            {
              "name": "dev",
              "path": "/nix/store/20rfnhy20fr3r96h6wj01dgxp3cbzy1z-duckdb-1.1.3-dev"
            },
            {
              "name": "lib",
              "path": "/nix/store/nj05ak70hq2gj89yjx8wjaq7g5g2i2bh-duckdb-1.1.3-lib"
            }
          ],
          "store_path": "/nix/store/bb5y1lcga4js7px482akjnaxbzmvqwmb-duckdb-1.1.3"
        },
        "x86_64-linux": {
          "outputs": [
            {
              "name": "out",
              "path": "/nix/store/g2v1i0lzj7siqpmwa1z671rzcwxr8knf-duckdb-1.1.3",
              "default": true
            },
            {
              "name": "lib",
              "path": "/nix/store/s7j7wnyh07b8773mi1x2fvh56pljggsd-duckdb-1.1.3-lib"
            },
            {
              "name": "dev",
              "path": "/nix/store/499p1dvkq88yxbslzrfh0i818jr0sqhk-duckdb-1.1.3-dev"
            }
          ],
          "store_path": "/nix/store/g2v1i0lzj7siqpmwa1z671rzcwxr8knf-duckdb-1.1.3"
        }
      }
    },
    "git@latest": {
      "last_modified": "2024-11-28T07:51:56Z",
      "resolved": "github:NixOS/nixpkgs/226216574ada4c3ecefcbbec41f39ce4655f78ef#git",
      "source": "devbox-search",
      "version": "2.47.0",
      "systems": {
        "aarch64-darwin": {
          "outputs": [
            {
              "name": "out",
              "path": "/nix/store/w5rggkxjd7z2cjk4fia9za7gb485pydw-git-2.47.0",
              "default": true
            },
            {
              "name": "doc",
              "path": "/nix/store/8r3g3kpmrgk1ih1wfyfxv0qrybaqqk6r-git-2.47.0-doc"
            }
          ],
          "store_path": "/nix/store/w5rggkxjd7z2cjk4fia9za7gb485pydw-git-2.47.0"
        },
        "aarch64-linux": {
          "outputs": [
            {
              "name": "out",
              "path": "/nix/store/50hslncwwrrzjwyrr5ifia29dxlmny03-git-2.47.0",
              "default": true
            },
            {
              "name": "debug",
              "path": "/nix/store/48mq59i2nmkay3qbqqjsgpsqhwnjvn7n-git-2.47.0-debug"
            },
            {
              "name": "doc",
              "path": "/nix/store/27xymgj2ah5j40iy407p9604nlg23whx-git-2.47.0-doc"
            }
          ],
          "store_path": "/nix/store/50hslncwwrrzjwyrr5ifia29dxlmny03-git-2.47.0"
        },
        "x86_64-darwin": {
          "outputs": [
            {
              "name": "out",
              "path": "/nix/store/w7a374fz8ai3swihnynx4r7hgqsw9xvd-git-2.47.0",
              "default": true
            },
            {
              "name": "doc",
              "path": "/nix/store/zm42fzcd69sc8jqcn22z5dhnj5rvrk39-git-2.47.0-doc"
            }
          ],
          "store_path": "/nix/store/w7a374fz8ai3swihnynx4r7hgqsw9xvd-git-2.47.0"
        },
        "x86_64-linux": {
          "outputs": [
            {
              "name": "out",
              "path": "/nix/store/1zgzrsbq3b0f06k76pha0r8hmfwvjvc0-git-2.47.0",
              "default": true
            },
            {
              "name": "debug",
              "path": "/nix/store/i48viyk4j244008yxb5snhiffhwkgh00-git-2.47.0-debug"
            },
            {
              "name": "doc",
              "path": "/nix/store/g4qfyzlr8gfink7g62kwh7cyan9zv91d-git-2.47.0-doc"
            }
          ],
          "store_path": "/nix/store/1zgzrsbq3b0f06k76pha0r8hmfwvjvc0-git-2.47.0"
        }
      }
    },
    "mc@latest": {
      "last_modified": "2024-11-16T04:25:12Z",
      "resolved": "github:NixOS/nixpkgs/34a626458d686f1b58139620a8b2793e9e123bba#mc",
      "source": "devbox-search",
      "version": "4.8.32",
      "systems": {
        "aarch64-darwin": {
          "outputs": [
            {
              "name": "out",
              "path": "/nix/store/6ri064mwkzpjrqhxv3pdwqyyznx4sx0j-mc-4.8.32",
              "default": true
            }
          ],
          "store_path": "/nix/store/6ri064mwkzpjrqhxv3pdwqyyznx4sx0j-mc-4.8.32"
        },
        "aarch64-linux": {
          "outputs": [
            {
              "name": "out",
              "path": "/nix/store/ysm0rhmyqj2206mjadf1kxlnwcn6gaiq-mc-4.8.32",
              "default": true
            }
          ],
          "store_path": "/nix/store/ysm0rhmyqj2206mjadf1kxlnwcn6gaiq-mc-4.8.32"
        },
        "x86_64-darwin": {
          "outputs": [
            {
              "name": "out",
              "path": "/nix/store/3s3sb6wbc4g6hg8s6s8jsv1cacf6gplc-mc-4.8.32",
              "default": true
            }
          ],
          "store_path": "/nix/store/3s3sb6wbc4g6hg8s6s8jsv1cacf6gplc-mc-4.8.32"
        },
        "x86_64-linux": {
          "outputs": [
            {
              "name": "out",
              "path": "/nix/store/x20y0nd1hkryjzrmb124ii8g3nc8nyzm-mc-4.8.32",
              "default": true
            }
          ],
          "store_path": "/nix/store/x20y0nd1hkryjzrmb124ii8g3nc8nyzm-mc-4.8.32"
        }
      }
    },
    "poetry@latest": {
      "last_modified": "2024-12-09T13:13:08Z",
      "plugin_version": "0.0.4",
      "resolved": "github:NixOS/nixpkgs/bc27f0fde01ce4e1bfec1ab122d72b7380278e68#poetry",
      "source": "devbox-search",
      "version": "1.8.5",
      "systems": {
        "aarch64-darwin": {
          "outputs": [
            {
              "name": "out",
              "path": "/nix/store/8cwmha2b6lkv02d7swzd8li2i4vcxin1-python3.12-poetry-1.8.5",
              "default": true
            },
            {
              "name": "dist",
              "path": "/nix/store/52jmqs0q5ss1bffgf5fk1dnsx798fbjz-python3.12-poetry-1.8.5-dist"
            }
          ],
          "store_path": "/nix/store/8cwmha2b6lkv02d7swzd8li2i4vcxin1-python3.12-poetry-1.8.5"
        },
        "aarch64-linux": {
          "outputs": [
            {
              "name": "out",
              "path": "/nix/store/wx3jazi6i8qd58xqr3j456wiwdbipccw-python3.12-poetry-1.8.5",
              "default": true
            },
            {
              "name": "dist",
              "path": "/nix/store/hllvb6b6yjq7gfhgm8vzzy9c78llx1vm-python3.12-poetry-1.8.5-dist"
            }
          ],
          "store_path": "/nix/store/wx3jazi6i8qd58xqr3j456wiwdbipccw-python3.12-poetry-1.8.5"
        },
        "x86_64-darwin": {
          "outputs": [
            {
              "name": "out",
              "path": "/nix/store/a2smdsksgxrfsgjzhry33mjr0m7npjp9-python3.12-poetry-1.8.5",
              "default": true
            },
            {
              "name": "dist",
              "path": "/nix/store/84q1khxfmrgjzk9rxf5bi3v7gzbpha0s-python3.12-poetry-1.8.5-dist"
            }
          ],
          "store_path": "/nix/store/a2smdsksgxrfsgjzhry33mjr0m7npjp9-python3.12-poetry-1.8.5"
        },
        "x86_64-linux": {
          "outputs": [
            {
              "name": "out",
              "path": "/nix/store/xz0kzxknf7zl91kqqfi0p11dlq68cwbd-python3.12-poetry-1.8.5",
              "default": true
            },
            {
              "name": "dist",
              "path": "/nix/store/z0r17yg5kh1236ynvwl8rngkx9bbzsmk-python3.12-poetry-1.8.5-dist"
            }
          ],
          "store_path": "/nix/store/xz0kzxknf7zl91kqqfi0p11dlq68cwbd-python3.12-poetry-1.8.5"
        }
      }
    },
    "python@latest": {
      "last_modified": "2024-12-04T16:45:45Z",
      "plugin_version": "0.0.4",
      "resolved": "github:NixOS/nixpkgs/2f9d395f057a50f8076f633c10519035fce8d773#python313",
      "source": "devbox-search",
      "version": "3.13.1",
      "systems": {
        "aarch64-darwin": {
          "outputs": [
            {
              "name": "out",
              "path": "/nix/store/pq777ysry7jjqgjska3ch3f4876fkba9-python3-3.13.1",
              "default": true
            }
          ],
          "store_path": "/nix/store/pq777ysry7jjqgjska3ch3f4876fkba9-python3-3.13.1"
        },
        "aarch64-linux": {
          "outputs": [
            {
              "name": "out",
              "path": "/nix/store/bc96r0r99q6i1cp705qimz3jnvgn6ihk-python3-3.13.1",
              "default": true
            },
            {
              "name": "debug",
              "path": "/nix/store/c5c958sfx4ianghyjk1r5nbj11r6pzc2-python3-3.13.1-debug"
            }
          ],
          "store_path": "/nix/store/bc96r0r99q6i1cp705qimz3jnvgn6ihk-python3-3.13.1"
        },
        "x86_64-darwin": {
          "outputs": [
            {
              "name": "out",
              "path": "/nix/store/bxyw661l95pjq2c0rv1v69ph0z3cykl7-python3-3.13.1",
              "default": true
            }
          ],
          "store_path": "/nix/store/bxyw661l95pjq2c0rv1v69ph0z3cykl7-python3-3.13.1"
        },
        "x86_64-linux": {
          "outputs": [
            {
              "name": "out",
              "path": "/nix/store/6llg9sms6xw69whqpdkgldjz61dlk9c2-python3-3.13.1",
              "default": true
            },
            {
              "name": "debug",
              "path": "/nix/store/7k7p2syb94mbrg57yp3k8gfcx4wr5br9-python3-3.13.1-debug"
            }
          ],
          "store_path": "/nix/store/6llg9sms6xw69whqpdkgldjz61dlk9c2-python3-3.13.1"
        }
      }
    }
  }
}
